
Microsoft Visual Studio Solution File, Format Version 12.00
# Visual Studio 15
VisualStudioVersion = 15.0.27130.2010
MinimumVisualStudioVersion = 10.0.40219.1
Project("{2150E333-8FDC-42A3-9474-1A3956D46DE8}") = "src", "src", "{10E46B81-4662-482C-A3AA-20141409D043}"
EndProject
Project("{2150E333-8FDC-42A3-9474-1A3956D46DE8}") = "items", "items", "{B6F58FFD-6D9A-474E-8957-9E555B06181F}"
	ProjectSection(SolutionItems) = preProject
		.gitattributes = .gitattributes
		.gitignore = .gitignore
		GitVersion.yml = GitVersion.yml
		global.json = global.json
		LICENSE.md = LICENSE.md
		README.md = README.md
	EndProjectSection
EndProject
Project("{2150E333-8FDC-42A3-9474-1A3956D46DE8}") = "tests", "tests", "{75D0775C-9AA5-4E70-980B-494118D9D480}"
EndProject
Project("{9A19103F-16F7-4668-BE54-9A1E7A4F7556}") = "GeekLearning.Authorizations", "src\GeekLearning.Authorizations\GeekLearning.Authorizations.csproj", "{3EC2FEE7-A95A-4B28-A4EF-8A4E82557D05}"
EndProject
Project("{9A19103F-16F7-4668-BE54-9A1E7A4F7556}") = "GeekLearning.Authorizations.EntityFrameworkCore", "src\GeekLearning.Authorizations.EntityFrameworkCore\GeekLearning.Authorizations.EntityFrameworkCore.csproj", "{7A9AA0E3-765A-480B-AE6B-F917B72AD19E}"
EndProject
Project("{9A19103F-16F7-4668-BE54-9A1E7A4F7556}") = "GeekLearning.Authorizations.Tests", "tests\GeekLearning.Authorizations.Tests\GeekLearning.Authorizations.Tests.csproj", "{C0331E1D-B786-43A2-8D1C-370948EEC0FF}"
EndProject
Project("{9A19103F-16F7-4668-BE54-9A1E7A4F7556}") = "GeekLearning.Authorizations.AspNetCore", "src\GeekLearning.Authorizations.AspNetCore\GeekLearning.Authorizations.AspNetCore.csproj", "{38E5DE72-9EB4-412A-8C6A-D4AEC2399883}"
EndProject
Project("{2150E333-8FDC-42A3-9474-1A3956D46DE8}") = "sql", "sql", "{A83F4C6E-D559-482D-9190-7460A4DF0465}"
EndProject
Project("{2150E333-8FDC-42A3-9474-1A3956D46DE8}") = "SqlServer", "SqlServer", "{0E7C9186-E140-44F5-8291-341F0DC0210E}"
	ProjectSection(SolutionItems) = preProject
		sql\SqlServer\Authorization.sql = sql\SqlServer\Authorization.sql
		sql\SqlServer\ModelModificationDate.sql = sql\SqlServer\ModelModificationDate.sql
		sql\SqlServer\Principal.sql = sql\SqlServer\Principal.sql
		sql\SqlServer\Right.sql = sql\SqlServer\Right.sql
		sql\SqlServer\Role.sql = sql\SqlServer\Role.sql
		sql\SqlServer\RoleRight.sql = sql\SqlServer\RoleRight.sql
		sql\SqlServer\Scope.sql = sql\SqlServer\Scope.sql
		sql\SqlServer\ScopeHierarchy.sql = sql\SqlServer\ScopeHierarchy.sql
	EndProjectSection
EndProject
Global
	GlobalSection(SolutionConfigurationPlatforms) = preSolution
		Debug|Any CPU = Debug|Any CPU
		Release|Any CPU = Release|Any CPU
	EndGlobalSection
	GlobalSection(ProjectConfigurationPlatforms) = postSolution
		{3EC2FEE7-A95A-4B28-A4EF-8A4E82557D05}.Debug|Any CPU.ActiveCfg = Debug|Any CPU
		{3EC2FEE7-A95A-4B28-A4EF-8A4E82557D05}.Debug|Any CPU.Build.0 = Debug|Any CPU
		{3EC2FEE7-A95A-4B28-A4EF-8A4E82557D05}.Release|Any CPU.ActiveCfg = Release|Any CPU
		{3EC2FEE7-A95A-4B28-A4EF-8A4E82557D05}.Release|Any CPU.Build.0 = Release|Any CPU
		{7A9AA0E3-765A-480B-AE6B-F917B72AD19E}.Debug|Any CPU.ActiveCfg = Debug|Any CPU
		{7A9AA0E3-765A-480B-AE6B-F917B72AD19E}.Debug|Any CPU.Build.0 = Debug|Any CPU
		{7A9AA0E3-765A-480B-AE6B-F917B72AD19E}.Release|Any CPU.ActiveCfg = Release|Any CPU
		{7A9AA0E3-765A-480B-AE6B-F917B72AD19E}.Release|Any CPU.Build.0 = Release|Any CPU
		{C0331E1D-B786-43A2-8D1C-370948EEC0FF}.Debug|Any CPU.ActiveCfg = Debug|Any CPU
		{C0331E1D-B786-43A2-8D1C-370948EEC0FF}.Debug|Any CPU.Build.0 = Debug|Any CPU
		{C0331E1D-B786-43A2-8D1C-370948EEC0FF}.Release|Any CPU.ActiveCfg = Release|Any CPU
		{C0331E1D-B786-43A2-8D1C-370948EEC0FF}.Release|Any CPU.Build.0 = Release|Any CPU
		{38E5DE72-9EB4-412A-8C6A-D4AEC2399883}.Debug|Any CPU.ActiveCfg = Debug|Any CPU
		{38E5DE72-9EB4-412A-8C6A-D4AEC2399883}.Debug|Any CPU.Build.0 = Debug|Any CPU
		{38E5DE72-9EB4-412A-8C6A-D4AEC2399883}.Release|Any CPU.ActiveCfg = Release|Any CPU
		{38E5DE72-9EB4-412A-8C6A-D4AEC2399883}.Release|Any CPU.Build.0 = Release|Any CPU
	EndGlobalSection
	GlobalSection(SolutionProperties) = preSolution
		HideSolutionNode = FALSE
	EndGlobalSection
	GlobalSection(NestedProjects) = preSolution
		{3EC2FEE7-A95A-4B28-A4EF-8A4E82557D05} = {10E46B81-4662-482C-A3AA-20141409D043}
		{7A9AA0E3-765A-480B-AE6B-F917B72AD19E} = {10E46B81-4662-482C-A3AA-20141409D043}
		{C0331E1D-B786-43A2-8D1C-370948EEC0FF} = {75D0775C-9AA5-4E70-980B-494118D9D480}
		{38E5DE72-9EB4-412A-8C6A-D4AEC2399883} = {10E46B81-4662-482C-A3AA-20141409D043}
		{0E7C9186-E140-44F5-8291-341F0DC0210E} = {A83F4C6E-D559-482D-9190-7460A4DF0465}
	EndGlobalSection
	GlobalSection(ExtensibilityGlobals) = postSolution
		SolutionGuid = {E16FD694-5EB0-4746-83F2-3407169E3DF5}
	EndGlobalSection
EndGlobal
